
Microsoft Visual Studio Solution File, Format Version 12.00
# Visual Studio Version 16
VisualStudioVersion = 16.0.31729.503
MinimumVisualStudioVersion = 10.0.40219.1
Project("{2150E333-8FDC-42A3-9474-1A3956D46DE8}") = "Services", "Services", "{CF38BEDF-3D36-40E2-AE5C-D62963A9AE79}"
EndProject
Project("{2150E333-8FDC-42A3-9474-1A3956D46DE8}") = "Catalog", "Catalog", "{79DECB86-FF7D-41AB-A0AB-E41E9E59B0CA}"
EndProject
Project("{9A19103F-16F7-4668-BE54-9A1E7A4F7556}") = "Catalog.API", "Services\Catalog\Catalog.API\Catalog.API.csproj", "{0196114F-9E65-4D02-B6E0-67EE8EC04105}"
EndProject
Project("{E53339B2-1760-4266-BCC7-CA923CBCF16C}") = "docker-compose", "docker-compose.dcproj", "{0028E25E-C2F4-4964-833B-DE59BF9DB15A}"
EndProject
Project("{2150E333-8FDC-42A3-9474-1A3956D46DE8}") = "Basket", "Basket", "{028D8F41-1101-45C4-A8E9-536FE8E8D7E1}"
EndProject
Project("{9A19103F-16F7-4668-BE54-9A1E7A4F7556}") = "Basket.API", "Services\Basket\Basket.API\Basket.API.csproj", "{7334AD4A-F18A-43FC-B172-A470C9AFB899}"
EndProject
Project("{2150E333-8FDC-42A3-9474-1A3956D46DE8}") = "Discount", "Discount", "{726CC8BE-D812-4397-A91E-DA4002993E24}"
EndProject
Project("{9A19103F-16F7-4668-BE54-9A1E7A4F7556}") = "Discount.API", "Services\Discount\Discount.API\Discount.API.csproj", "{2F81EBD1-7F6B-4B71-B3E9-2FF152DA7EE8}"
EndProject
Project("{9A19103F-16F7-4668-BE54-9A1E7A4F7556}") = "Discount.Grpc", "Services\Discount\Discount.Grpc\Discount.Grpc.csproj", "{3E5E8D46-D39D-455B-9329-17C51DD41DD2}"
EndProject
Project("{2150E333-8FDC-42A3-9474-1A3956D46DE8}") = "Ordering", "Ordering", "{D68E055E-607E-49EA-A835-FA512F93C6F7}"
EndProject
Project("{FAE04EC0-301F-11D3-BF4B-00C04F79EFBC}") = "Ordering.API", "Services\Ordering\Ordering.API\Ordering.API.csproj", "{24E57420-DC8A-46C4-9BC0-CD82743EFA16}"
EndProject
Global
	GlobalSection(SolutionConfigurationPlatforms) = preSolution
		Debug|Any CPU = Debug|Any CPU
		Release|Any CPU = Release|Any CPU
	EndGlobalSection
	GlobalSection(ProjectConfigurationPlatforms) = postSolution
		{0196114F-9E65-4D02-B6E0-67EE8EC04105}.Debug|Any CPU.ActiveCfg = Debug|Any CPU
		{0196114F-9E65-4D02-B6E0-67EE8EC04105}.Debug|Any CPU.Build.0 = Debug|Any CPU
		{0196114F-9E65-4D02-B6E0-67EE8EC04105}.Release|Any CPU.ActiveCfg = Release|Any CPU
		{0196114F-9E65-4D02-B6E0-67EE8EC04105}.Release|Any CPU.Build.0 = Release|Any CPU
		{0028E25E-C2F4-4964-833B-DE59BF9DB15A}.Debug|Any CPU.ActiveCfg = Debug|Any CPU
		{0028E25E-C2F4-4964-833B-DE59BF9DB15A}.Debug|Any CPU.Build.0 = Debug|Any CPU
		{0028E25E-C2F4-4964-833B-DE59BF9DB15A}.Release|Any CPU.ActiveCfg = Release|Any CPU
		{0028E25E-C2F4-4964-833B-DE59BF9DB15A}.Release|Any CPU.Build.0 = Release|Any CPU
		{7334AD4A-F18A-43FC-B172-A470C9AFB899}.Debug|Any CPU.ActiveCfg = Debug|Any CPU
		{7334AD4A-F18A-43FC-B172-A470C9AFB899}.Debug|Any CPU.Build.0 = Debug|Any CPU
		{7334AD4A-F18A-43FC-B172-A470C9AFB899}.Release|Any CPU.ActiveCfg = Release|Any CPU
		{7334AD4A-F18A-43FC-B172-A470C9AFB899}.Release|Any CPU.Build.0 = Release|Any CPU
		{2F81EBD1-7F6B-4B71-B3E9-2FF152DA7EE8}.Debug|Any CPU.ActiveCfg = Debug|Any CPU
		{2F81EBD1-7F6B-4B71-B3E9-2FF152DA7EE8}.Debug|Any CPU.Build.0 = Debug|Any CPU
		{2F81EBD1-7F6B-4B71-B3E9-2FF152DA7EE8}.Release|Any CPU.ActiveCfg = Release|Any CPU
		{2F81EBD1-7F6B-4B71-B3E9-2FF152DA7EE8}.Release|Any CPU.Build.0 = Release|Any CPU
		{3E5E8D46-D39D-455B-9329-17C51DD41DD2}.Debug|Any CPU.ActiveCfg = Debug|Any CPU
		{3E5E8D46-D39D-455B-9329-17C51DD41DD2}.Debug|Any CPU.Build.0 = Debug|Any CPU
		{3E5E8D46-D39D-455B-9329-17C51DD41DD2}.Release|Any CPU.ActiveCfg = Release|Any CPU
		{3E5E8D46-D39D-455B-9329-17C51DD41DD2}.Release|Any CPU.Build.0 = Release|Any CPU
		{24E57420-DC8A-46C4-9BC0-CD82743EFA16}.Debug|Any CPU.ActiveCfg = Debug|Any CPU
		{24E57420-DC8A-46C4-9BC0-CD82743EFA16}.Debug|Any CPU.Build.0 = Debug|Any CPU
		{24E57420-DC8A-46C4-9BC0-CD82743EFA16}.Release|Any CPU.ActiveCfg = Release|Any CPU
		{24E57420-DC8A-46C4-9BC0-CD82743EFA16}.Release|Any CPU.Build.0 = Release|Any CPU
	EndGlobalSection
	GlobalSection(SolutionProperties) = preSolution
		HideSolutionNode = FALSE
	EndGlobalSection
	GlobalSection(NestedProjects) = preSolution
		{79DECB86-FF7D-41AB-A0AB-E41E9E59B0CA} = {CF38BEDF-3D36-40E2-AE5C-D62963A9AE79}
		{0196114F-9E65-4D02-B6E0-67EE8EC04105} = {79DECB86-FF7D-41AB-A0AB-E41E9E59B0CA}
		{028D8F41-1101-45C4-A8E9-536FE8E8D7E1} = {CF38BEDF-3D36-40E2-AE5C-D62963A9AE79}
		{7334AD4A-F18A-43FC-B172-A470C9AFB899} = {028D8F41-1101-45C4-A8E9-536FE8E8D7E1}
		{726CC8BE-D812-4397-A91E-DA4002993E24} = {CF38BEDF-3D36-40E2-AE5C-D62963A9AE79}
		{2F81EBD1-7F6B-4B71-B3E9-2FF152DA7EE8} = {726CC8BE-D812-4397-A91E-DA4002993E24}
		{3E5E8D46-D39D-455B-9329-17C51DD41DD2} = {726CC8BE-D812-4397-A91E-DA4002993E24}
		{D68E055E-607E-49EA-A835-FA512F93C6F7} = {CF38BEDF-3D36-40E2-AE5C-D62963A9AE79}
		{24E57420-DC8A-46C4-9BC0-CD82743EFA16} = {D68E055E-607E-49EA-A835-FA512F93C6F7}
	EndGlobalSection
	GlobalSection(ExtensibilityGlobals) = postSolution
		SolutionGuid = {4B0531FE-077C-4BB7-9854-ED1F5B37123D}
	EndGlobalSection
EndGlobal
